{
  "name": "npm",
  "lockfileVersion": 2,
  "requires": true,
  "packages": {
    "": {
      "dependencies": {
        "is-eq-six": "^1.1.0",
        "six": "^0.0.12"
      }
    },
    "node_modules/escodegen": {
      "version": "0.0.15",
      "resolved": "https://registry.npmjs.org/escodegen/-/escodegen-0.0.15.tgz",
      "integrity": "sha512-ALdTVKqhEj6bDf4pC0fXWRiUvhyJSJ0Ic8AdPuMGKckoa3gMXG+MPduI8TlDoSS84swDkfXeogXapbkErAHvDA==",
      "dependencies": {
        "esprima": ">= 1.0.0"
      },
      "bin": {
        "escodegen": "bin/escodegen.js",
        "esgenerate": "bin/esgenerate.js"
      },
      "engines": {
        "node": ">=0.4.0"
      },
      "optionalDependencies": {
        "source-map": ">= 0.1.2"
      }
    },
    "node_modules/esprima": {
      "version": "4.0.1",
      "resolved": "https://registry.npmjs.org/esprima/-/esprima-4.0.1.tgz",
      "integrity": "sha512-eGuFFw7Upda+g4p+QHvnW0RyTX/SVeJBDM/gCtMARO0cLuT2HcEKnTPvhjV6aGeqrCB/sbNop0Kszm0jsaWU4A==",
      "bin": {
        "esparse": "bin/esparse.js",
        "esvalidate": "bin/esvalidate.js"
      },
      "engines": {
        "node": ">=4"
      }
    },
    "node_modules/esprima-six-jpike": {
      "version": "1.1.1-dev-harmony",
      "resolved": "https://registry.npmjs.org/esprima-six-jpike/-/esprima-six-jpike-1.1.1-dev-harmony.tgz",
      "integrity": "sha512-CiWpqNyZ4wCgGgWAziKoYbRzO5xmglhnpXmst2ULn80Wza+VUyTAMJmgeUqsH0p5gO5LCMgRMgNqeeZpRGImGQ==",
      "bin": {
        "esparse": "bin/esparse.js",
        "esvalidate": "bin/esvalidate.js"
      },
      "engines": {
        "node": ">=0.4.0"
      }
    },
    "node_modules/has-symbols": {
      "version": "1.0.3",
      "resolved": "https://registry.npmjs.org/has-symbols/-/has-symbols-1.0.3.tgz",
      "integrity": "sha512-l3LCuF6MgDNwTDKkdYGEihYjt5pRPbEg46rtlmnSPlUbgmB8LOIrKJbYYFBSbnPaJexMKtiPO8hmeRjRz2Td+A==",
      "engines": {
        "node": ">= 0.4"
      },
      "funding": {
        "url": "https://github.com/sponsors/ljharb"
      }
    },
    "node_modules/has-tostringtag": {
      "version": "1.0.0",
      "resolved": "https://registry.npmjs.org/has-tostringtag/-/has-tostringtag-1.0.0.tgz",
      "integrity": "sha512-kFjcSNhnlGV1kyoGk7OXKSawH5JOb/LzUc5w9B02hOTO0dfFRjbHQKvg1d6cf3HbeUmtU9VbbV3qzZ2Teh97WQ==",
      "dependencies": {
        "has-symbols": "^1.0.2"
      },
      "engines": {
        "node": ">= 0.4"
      },
      "funding": {
        "url": "https://github.com/sponsors/ljharb"
      }
    },
    "node_modules/is-eq-five": {
      "version": "1.1.0",
      "resolved": "https://registry.npmjs.org/is-eq-five/-/is-eq-five-1.1.0.tgz",
      "integrity": "sha512-dEY+I+YASp5VwHF84KTTH2OeXyJbwHCdg3dfVOHOkK3O+u/4i/m56/HtobsIdXLIlxTyvK42dJyLZqQmcUmG6A==",
      "dependencies": {
        "is-eq-four": "^1.1.0",
        "is-null": "^1.0.1",
        "is-number": "^7.0.0",
        "is-string": "^1.0.5",
        "is-true": "^0.1.1",
        "is-undefined": "^1.0.10",
        "jquery": "^3.5.0",
        "jquery-basic-arithmetic-plugin": "^1.1.0"
      },
      "engines": {
        "node": ">=10"
      }
    },
    "node_modules/is-eq-four": {
      "version": "1.1.0",
      "resolved": "https://registry.npmjs.org/is-eq-four/-/is-eq-four-1.1.0.tgz",
      "integrity": "sha512-ET52zKMGZ1c7eGTy1wRM19gX/M8zE+g5/Yc1VfgpDXJY2/Ul0Q5Zwz+TeW3zex6nzshoOEKg/GVKWrGbqDkDpA==",
      "dependencies": {
        "is-eq-three": "^1.1.0",
        "is-null": "^1.0.1",
        "is-number": "^7.0.0",
        "is-string": "^1.0.5",
        "is-true": "^0.1.1",
        "is-undefined": "^1.0.10",
        "jquery": "^3.5.0",
        "jquery-basic-arithmetic-plugin": "^1.1.0"
      },
      "engines": {
        "node": ">=10"
      }
    },
    "node_modules/is-eq-one": {
      "version": "1.1.0",
      "resolved": "https://registry.npmjs.org/is-eq-one/-/is-eq-one-1.1.0.tgz",
      "integrity": "sha512-GMUTz/df5ZwIGqw6o74cgcdmVQUY4rQT2Z/P/45ECiHTU6JNv0qBRI7Dx83Jp17tDgz2kZFDpLPbZZ6Z1Kyydg==",
      "dependencies": {
        "is-eq-zero": "^1.1.0",
        "is-null": "^1.0.1",
        "is-number": "^7.0.0",
        "is-string": "^1.0.5",
        "is-true": "^0.1.1",
        "is-undefined": "^1.0.10",
        "jquery": "^3.5.0",
        "jquery-basic-arithmetic-plugin": "^1.1.0"
      },
      "engines": {
        "node": ">=10"
      }
    },
    "node_modules/is-eq-six": {
      "version": "1.1.0",
      "resolved": "https://registry.npmjs.org/is-eq-six/-/is-eq-six-1.1.0.tgz",
      "integrity": "sha512-SusS28aKschp4vVG4KXxf/s8qnXUkT4TE5fZCMRr4c3O2+2cTSzhM/+YCngEA8P8I2+i4jpk0JFA6QiH/w7fTw==",
      "dependencies": {
        "is-eq-five": "^1.1.0",
        "is-null": "^1.0.1",
        "is-number": "^7.0.0",
        "is-string": "^1.0.5",
        "is-true": "^0.1.1",
        "is-undefined": "^1.0.10",
        "jquery": "^3.5.0",
        "jquery-basic-arithmetic-plugin": "^1.1.0"
      },
      "engines": {
        "node": ">=10"
      }
    },
    "node_modules/is-eq-three": {
      "version": "1.1.0",
      "resolved": "https://registry.npmjs.org/is-eq-three/-/is-eq-three-1.1.0.tgz",
      "integrity": "sha512-cMo43PLqi11jDxZLO/DLKCNlOFDDhb+FaP5dcox2nZgaoV6vNgMJYQ+tRrj8onPoDt0F7rACzlgKWd2WPpxKVA==",
      "dependencies": {
        "is-eq-two": "^1.1.0",
        "is-null": "^1.0.1",
        "is-number": "^7.0.0",
        "is-string": "^1.0.5",
        "is-true": "^0.1.1",
        "is-undefined": "^1.0.10",
        "jquery": "^3.5.0",
        "jquery-basic-arithmetic-plugin": "^1.1.0"
      },
      "engines": {
        "node": ">=10"
      }
    },
    "node_modules/is-eq-two": {
      "version": "1.1.0",
      "resolved": "https://registry.npmjs.org/is-eq-two/-/is-eq-two-1.1.0.tgz",
      "integrity": "sha512-XQ3OJFPgbD0+wxQKjlQncG0lJJYEh88bWjyRiO75qiRE3Eafi0wLMKRflEBV/oZfK0NRIf7Od2yYPPUqngJSBw==",
      "dependencies": {
        "is-eq-one": "^1.1.0",
        "is-null": "^1.0.1",
        "is-number": "^7.0.0",
        "is-string": "^1.0.5",
        "is-true": "^0.1.1",
        "is-undefined": "^1.0.10",
        "jquery": "^3.5.0",
        "jquery-basic-arithmetic-plugin": "^1.1.0"
      },
      "engines": {
        "node": ">=10"
      }
    },
    "node_modules/is-eq-zero": {
      "version": "1.1.0",
      "resolved": "https://registry.npmjs.org/is-eq-zero/-/is-eq-zero-1.1.0.tgz",
      "integrity": "sha512-25GZ0c4fDHSubwmTXfIw2znkNtA8ivnSgudig85F0fv6K3xvyIlUs1mYVhQyoNRj+2ePlh7mtII6+gx2misC0w==",
      "dependencies": {
        "is-null": "^1.0.1",
        "is-number": "^7.0.0",
        "is-string": "^1.0.5",
        "is-true": "^0.1.1",
        "is-undefined": "^1.0.10",
        "jquery": "^3.5.0",
        "jquery-basic-arithmetic-plugin": "^1.1.0"
      },
      "engines": {
        "node": ">=10"
      }
    },
    "node_modules/is-null": {
      "version": "1.0.1",
      "resolved": "https://registry.npmjs.org/is-null/-/is-null-1.0.1.tgz",
      "integrity": "sha512-nJv7Y5vbGj1xFWxGmsSXMKGBhktbQlxkD8PHmG78FiiZ2Dx1nnMy20LimXlBNHDoLlVqPMPu4Ayn9fU2p20ypg=="
    },
    "node_modules/is-number": {
      "version": "7.0.0",
      "resolved": "https://registry.npmjs.org/is-number/-/is-number-7.0.0.tgz",
      "integrity": "sha512-41Cifkg6e8TylSpdtTpeLVMqvSBEVzTttHvERD741+pnZ8ANv0004MRL43QKPDlK9cGvNp6NZWZUBlbGXYxxng==",
      "engines": {
        "node": ">=0.12.0"
      }
    },
    "node_modules/is-string": {
      "version": "1.0.7",
      "resolved": "https://registry.npmjs.org/is-string/-/is-string-1.0.7.tgz",
      "integrity": "sha512-tE2UXzivje6ofPW7l23cjDOMa09gb7xlAqG6jG5ej6uPV32TlWP3NKPigtaGeHNu9fohccRYvIiZMfOOnOYUtg==",
      "dependencies": {
        "has-tostringtag": "^1.0.0"
      },
      "engines": {
        "node": ">= 0.4"
      },
      "funding": {
        "url": "https://github.com/sponsors/ljharb"
      }
    },
    "node_modules/is-true": {
      "version": "0.1.1",
      "resolved": "https://registry.npmjs.org/is-true/-/is-true-0.1.1.tgz",
      "integrity": "sha512-vrvcArNgqSopbh+w6QQxMPu6Vh33DDk8usFetCBYFijLeK0+1zx8qWjdExnuhPrW2GzI9BwpkCJlBi+xJA90ZQ==",
      "dependencies": {
        "isobject": "^2.0.0"
      },
      "engines": {
        "node": ">=0.10.0"
      }
    },
    "node_modules/is-undefined": {
      "version": "1.0.11",
      "resolved": "https://registry.npmjs.org/is-undefined/-/is-undefined-1.0.11.tgz",
      "integrity": "sha512-gRwyH8IRpV73MDlVefPllIjxBjrP9YAB0YCLtxnROhRkedTSzzBJgfxTC6HgP2/dttawQHWNZe88MvXS9Hbn/g=="
    },
    "node_modules/isarray": {
      "version": "1.0.0",
      "resolved": "https://registry.npmjs.org/isarray/-/isarray-1.0.0.tgz",
      "integrity": "sha512-VLghIWNM6ELQzo7zwmcg0NmTVyWKYjvIeM83yjp0wRDTmUnrM678fQbcKBo6n2CJEF0szoG//ytg+TKla89ALQ=="
    },
    "node_modules/isobject": {
      "version": "2.1.0",
      "resolved": "https://registry.npmjs.org/isobject/-/isobject-2.1.0.tgz",
      "integrity": "sha512-+OUdGJlgjOBZDfxnDjYYG6zp487z0JGNQq3cYQYg5f5hKR+syHMsaztzGeml/4kGG55CSpKSpWTY+jYGgsHLgA==",
      "dependencies": {
        "isarray": "1.0.0"
      },
      "engines": {
        "node": ">=0.10.0"
      }
    },
    "node_modules/jquery": {
      "version": "3.6.0",
      "resolved": "https://registry.npmjs.org/jquery/-/jquery-3.6.0.tgz",
      "integrity": "sha512-JVzAR/AjBvVt2BmYhxRCSYysDsPcssdmTFnzyLEts9qNwmjmu4JTAMYubEfwVOSwpQ1I1sKKFcxhZCI2buerfw=="
    },
    "node_modules/jquery-basic-arithmetic-plugin": {
      "version": "1.1.0",
      "resolved": "https://registry.npmjs.org/jquery-basic-arithmetic-plugin/-/jquery-basic-arithmetic-plugin-1.1.0.tgz",
      "integrity": "sha512-LVlFKgsgDOd47AkI9LhhtyPMB7E77f9GKUl7YMdB5+Ct7pkx/XIdPAWJkOPmfifoTDH9ccEY1y7gR5VyQr7CyA=="
    },
    "node_modules/six": {
      "version": "0.0.12",
      "resolved": "https://registry.npmjs.org/six/-/six-0.0.12.tgz",
      "integrity": "sha512-zX9fKGGn6EN7Vdv7Gq2KO5UnQJU75sBevoj9NKiR3tldMbm0hLmFutWDqnW6MZf6gKzbRisjEoCa0OP2zcew9Q==",
      "dependencies": {
        "escodegen": "0.0.15",
        "esprima-six-jpike": "1.1.1-dev-harmony"
      },
      "bin": {
        "sake": "bin/sake",
        "six": "bin/six"
      }
    },
    "node_modules/source-map": {
      "version": "0.7.4",
      "resolved": "https://registry.npmjs.org/source-map/-/source-map-0.7.4.tgz",
      "integrity": "sha512-l3BikUxvPOcn5E74dZiq5BGsTb5yEwhaTSzccU6t4sDOH8NWJCstKO5QT2CvtFoK6F0saL7p9xHAqHOlCPJygA==",
      "optional": true,
      "engines": {
        "node": ">= 8"
      }
    }
  },
  "dependencies": {
    "escodegen": {
      "version": "0.0.15",
      "resolved": "https://registry.npmjs.org/escodegen/-/escodegen-0.0.15.tgz",
      "integrity": "sha512-ALdTVKqhEj6bDf4pC0fXWRiUvhyJSJ0Ic8AdPuMGKckoa3gMXG+MPduI8TlDoSS84swDkfXeogXapbkErAHvDA==",
      "requires": {
        "esprima": ">= 1.0.0",
        "source-map": ">= 0.1.2"
      }
    },
    "esprima": {
      "version": "4.0.1",
      "resolved": "https://registry.npmjs.org/esprima/-/esprima-4.0.1.tgz",
      "integrity": "sha512-eGuFFw7Upda+g4p+QHvnW0RyTX/SVeJBDM/gCtMARO0cLuT2HcEKnTPvhjV6aGeqrCB/sbNop0Kszm0jsaWU4A=="
    },
    "esprima-six-jpike": {
      "version": "1.1.1-dev-harmony",
      "resolved": "https://registry.npmjs.org/esprima-six-jpike/-/esprima-six-jpike-1.1.1-dev-harmony.tgz",
      "integrity": "sha512-CiWpqNyZ4wCgGgWAziKoYbRzO5xmglhnpXmst2ULn80Wza+VUyTAMJmgeUqsH0p5gO5LCMgRMgNqeeZpRGImGQ=="
    },
    "has-symbols": {
      "version": "1.0.3",
      "resolved": "https://registry.npmjs.org/has-symbols/-/has-symbols-1.0.3.tgz",
      "integrity": "sha512-l3LCuF6MgDNwTDKkdYGEihYjt5pRPbEg46rtlmnSPlUbgmB8LOIrKJbYYFBSbnPaJexMKtiPO8hmeRjRz2Td+A=="
    },
    "has-tostringtag": {
      "version": "1.0.0",
      "resolved": "https://registry.npmjs.org/has-tostringtag/-/has-tostringtag-1.0.0.tgz",
      "integrity": "sha512-kFjcSNhnlGV1kyoGk7OXKSawH5JOb/LzUc5w9B02hOTO0dfFRjbHQKvg1d6cf3HbeUmtU9VbbV3qzZ2Teh97WQ==",
      "requires": {
        "has-symbols": "^1.0.2"
      }
    },
    "is-eq-five": {
      "version": "1.1.0",
      "resolved": "https://registry.npmjs.org/is-eq-five/-/is-eq-five-1.1.0.tgz",
      "integrity": "sha512-dEY+I+YASp5VwHF84KTTH2OeXyJbwHCdg3dfVOHOkK3O+u/4i/m56/HtobsIdXLIlxTyvK42dJyLZqQmcUmG6A==",
      "requires": {
        "is-eq-four": "^1.1.0",
        "is-null": "^1.0.1",
        "is-number": "^7.0.0",
        "is-string": "^1.0.5",
        "is-true": "^0.1.1",
        "is-undefined": "^1.0.10",
        "jquery": "^3.5.0",
        "jquery-basic-arithmetic-plugin": "^1.1.0"
      }
    },
    "is-eq-four": {
      "version": "1.1.0",
      "resolved": "https://registry.npmjs.org/is-eq-four/-/is-eq-four-1.1.0.tgz",
      "integrity": "sha512-ET52zKMGZ1c7eGTy1wRM19gX/M8zE+g5/Yc1VfgpDXJY2/Ul0Q5Zwz+TeW3zex6nzshoOEKg/GVKWrGbqDkDpA==",
      "requires": {
        "is-eq-three": "^1.1.0",
        "is-null": "^1.0.1",
        "is-number": "^7.0.0",
        "is-string": "^1.0.5",
        "is-true": "^0.1.1",
        "is-undefined": "^1.0.10",
        "jquery": "^3.5.0",
        "jquery-basic-arithmetic-plugin": "^1.1.0"
      }
    },
    "is-eq-one": {
      "version": "1.1.0",
      "resolved": "https://registry.npmjs.org/is-eq-one/-/is-eq-one-1.1.0.tgz",
      "integrity": "sha512-GMUTz/df5ZwIGqw6o74cgcdmVQUY4rQT2Z/P/45ECiHTU6JNv0qBRI7Dx83Jp17tDgz2kZFDpLPbZZ6Z1Kyydg==",
      "requires": {
        "is-eq-zero": "^1.1.0",
        "is-null": "^1.0.1",
        "is-number": "^7.0.0",
        "is-string": "^1.0.5",
        "is-true": "^0.1.1",
        "is-undefined": "^1.0.10",
        "jquery": "^3.5.0",
        "jquery-basic-arithmetic-plugin": "^1.1.0"
      }
    },
    "is-eq-six": {
      "version": "1.1.0",
      "resolved": "https://registry.npmjs.org/is-eq-six/-/is-eq-six-1.1.0.tgz",
      "integrity": "sha512-SusS28aKschp4vVG4KXxf/s8qnXUkT4TE5fZCMRr4c3O2+2cTSzhM/+YCngEA8P8I2+i4jpk0JFA6QiH/w7fTw==",
      "requires": {
        "is-eq-five": "^1.1.0",
        "is-null": "^1.0.1",
        "is-number": "^7.0.0",
        "is-string": "^1.0.5",
        "is-true": "^0.1.1",
        "is-undefined": "^1.0.10",
        "jquery": "^3.5.0",
        "jquery-basic-arithmetic-plugin": "^1.1.0"
      }
    },
    "is-eq-three": {
      "version": "1.1.0",
      "resolved": "https://registry.npmjs.org/is-eq-three/-/is-eq-three-1.1.0.tgz",
      "integrity": "sha512-cMo43PLqi11jDxZLO/DLKCNlOFDDhb+FaP5dcox2nZgaoV6vNgMJYQ+tRrj8onPoDt0F7rACzlgKWd2WPpxKVA==",
      "requires": {
        "is-eq-two": "^1.1.0",
        "is-null": "^1.0.1",
        "is-number": "^7.0.0",
        "is-string": "^1.0.5",
        "is-true": "^0.1.1",
        "is-undefined": "^1.0.10",
        "jquery": "^3.5.0",
        "jquery-basic-arithmetic-plugin": "^1.1.0"
      }
    },
    "is-eq-two": {
      "version": "1.1.0",
      "resolved": "https://registry.npmjs.org/is-eq-two/-/is-eq-two-1.1.0.tgz",
      "integrity": "sha512-XQ3OJFPgbD0+wxQKjlQncG0lJJYEh88bWjyRiO75qiRE3Eafi0wLMKRflEBV/oZfK0NRIf7Od2yYPPUqngJSBw==",
      "requires": {
        "is-eq-one": "^1.1.0",
        "is-null": "^1.0.1",
        "is-number": "^7.0.0",
        "is-string": "^1.0.5",
        "is-true": "^0.1.1",
        "is-undefined": "^1.0.10",
        "jquery": "^3.5.0",
        "jquery-basic-arithmetic-plugin": "^1.1.0"
      }
    },
    "is-eq-zero": {
      "version": "1.1.0",
      "resolved": "https://registry.npmjs.org/is-eq-zero/-/is-eq-zero-1.1.0.tgz",
      "integrity": "sha512-25GZ0c4fDHSubwmTXfIw2znkNtA8ivnSgudig85F0fv6K3xvyIlUs1mYVhQyoNRj+2ePlh7mtII6+gx2misC0w==",
      "requires": {
        "is-null": "^1.0.1",
        "is-number": "^7.0.0",
        "is-string": "^1.0.5",
        "is-true": "^0.1.1",
        "is-undefined": "^1.0.10",
        "jquery": "^3.5.0",
        "jquery-basic-arithmetic-plugin": "^1.1.0"
      }
    },
    "is-null": {
      "version": "1.0.1",
      "resolved": "https://registry.npmjs.org/is-null/-/is-null-1.0.1.tgz",
      "integrity": "sha512-nJv7Y5vbGj1xFWxGmsSXMKGBhktbQlxkD8PHmG78FiiZ2Dx1nnMy20LimXlBNHDoLlVqPMPu4Ayn9fU2p20ypg=="
    },
    "is-number": {
      "version": "7.0.0",
      "resolved": "https://registry.npmjs.org/is-number/-/is-number-7.0.0.tgz",
      "integrity": "sha512-41Cifkg6e8TylSpdtTpeLVMqvSBEVzTttHvERD741+pnZ8ANv0004MRL43QKPDlK9cGvNp6NZWZUBlbGXYxxng=="
    },
    "is-string": {
      "version": "1.0.7",
      "resolved": "https://registry.npmjs.org/is-string/-/is-string-1.0.7.tgz",
      "integrity": "sha512-tE2UXzivje6ofPW7l23cjDOMa09gb7xlAqG6jG5ej6uPV32TlWP3NKPigtaGeHNu9fohccRYvIiZMfOOnOYUtg==",
      "requires": {
        "has-tostringtag": "^1.0.0"
      }
    },
    "is-true": {
      "version": "0.1.1",
      "resolved": "https://registry.npmjs.org/is-true/-/is-true-0.1.1.tgz",
      "integrity": "sha512-vrvcArNgqSopbh+w6QQxMPu6Vh33DDk8usFetCBYFijLeK0+1zx8qWjdExnuhPrW2GzI9BwpkCJlBi+xJA90ZQ==",
      "requires": {
        "isobject": "^2.0.0"
      }
    },
    "is-undefined": {
      "version": "1.0.11",
      "resolved": "https://registry.npmjs.org/is-undefined/-/is-undefined-1.0.11.tgz",
      "integrity": "sha512-gRwyH8IRpV73MDlVefPllIjxBjrP9YAB0YCLtxnROhRkedTSzzBJgfxTC6HgP2/dttawQHWNZe88MvXS9Hbn/g=="
    },
    "isarray": {
      "version": "1.0.0",
      "resolved": "https://registry.npmjs.org/isarray/-/isarray-1.0.0.tgz",
      "integrity": "sha512-VLghIWNM6ELQzo7zwmcg0NmTVyWKYjvIeM83yjp0wRDTmUnrM678fQbcKBo6n2CJEF0szoG//ytg+TKla89ALQ=="
    },
    "isobject": {
      "version": "2.1.0",
      "resolved": "https://registry.npmjs.org/isobject/-/isobject-2.1.0.tgz",
      "integrity": "sha512-+OUdGJlgjOBZDfxnDjYYG6zp487z0JGNQq3cYQYg5f5hKR+syHMsaztzGeml/4kGG55CSpKSpWTY+jYGgsHLgA==",
      "requires": {
        "isarray": "1.0.0"
      }
    },
    "jquery": {
      "version": "3.6.0",
      "resolved": "https://registry.npmjs.org/jquery/-/jquery-3.6.0.tgz",
      "integrity": "sha512-JVzAR/AjBvVt2BmYhxRCSYysDsPcssdmTFnzyLEts9qNwmjmu4JTAMYubEfwVOSwpQ1I1sKKFcxhZCI2buerfw=="
    },
    "jquery-basic-arithmetic-plugin": {
      "version": "1.1.0",
      "resolved": "https://registry.npmjs.org/jquery-basic-arithmetic-plugin/-/jquery-basic-arithmetic-plugin-1.1.0.tgz",
      "integrity": "sha512-LVlFKgsgDOd47AkI9LhhtyPMB7E77f9GKUl7YMdB5+Ct7pkx/XIdPAWJkOPmfifoTDH9ccEY1y7gR5VyQr7CyA=="
    },
    "six": {
      "version": "0.0.12",
      "resolved": "https://registry.npmjs.org/six/-/six-0.0.12.tgz",
      "integrity": "sha512-zX9fKGGn6EN7Vdv7Gq2KO5UnQJU75sBevoj9NKiR3tldMbm0hLmFutWDqnW6MZf6gKzbRisjEoCa0OP2zcew9Q==",
      "requires": {
        "escodegen": "0.0.15",
        "esprima-six-jpike": "1.1.1-dev-harmony"
      }
    },
    "source-map": {
      "version": "0.7.4",
      "resolved": "https://registry.npmjs.org/source-map/-/source-map-0.7.4.tgz",
      "integrity": "sha512-l3BikUxvPOcn5E74dZiq5BGsTb5yEwhaTSzccU6t4sDOH8NWJCstKO5QT2CvtFoK6F0saL7p9xHAqHOlCPJygA==",
      "optional": true
    }
  }
}
